// !$*UTF8*$!
{
	archiveVersion = 1;
	classes = {
	};
	objectVersion = 77;
	objects = {

/* Begin PBXBuildFile section */
		15412CD82E0BC5460019444B /* GLTFSceneKit in Frameworks */ = {isa = PBXBuildFile; productRef = 15412CD72E0BC5460019444B /* GLTFSceneKit */; };
/* End PBXBuildFile section */

/* Begin PBXContainerItemProxy section */
		153CAFDD2E07AC0D0017C066 /* PBXContainerItemProxy */ = {
			isa = PBXContainerItemProxy;
			containerPortal = 153CAFBF2E07AC0C0017C066 /* Project object */;
			proxyType = 1;
			remoteGlobalIDString = 153CAFC62E07AC0C0017C066;
			remoteInfo = AndyGame;
		};
		153CAFE72E07AC0D0017C066 /* PBXContainerItemProxy */ = {
			isa = PBXContainerItemProxy;
			containerPortal = 153CAFBF2E07AC0C0017C066 /* Project object */;
			proxyType = 1;
			remoteGlobalIDString = 153CAFC62E07AC0C0017C066;
			remoteInfo = AndyGame;
		};
/* End PBXContainerItemProxy section */

/* Begin PBXFileReference section */
		153CAFC72E07AC0C0017C066 /* AndyGame.app */ = {isa = PBXFileReference; explicitFileType = wrapper.application; includeInIndex = 0; path = AndyGame.app; sourceTree = BUILT_PRODUCTS_DIR; };
		153CAFDC2E07AC0D0017C066 /* AndyGameTests.xctest */ = {isa = PBXFileReference; explicitFileType = wrapper.cfbundle; includeInIndex = 0; path = AndyGameTests.xctest; sourceTree = BUILT_PRODUCTS_DIR; };
		153CAFE62E07AC0D0017C066 /* AndyGameUITests.xctest */ = {isa = PBXFileReference; explicitFileType = wrapper.cfbundle; includeInIndex = 0; path = AndyGameUITests.xctest; sourceTree = BUILT_PRODUCTS_DIR; };
/* End PBXFileReference section */

/* Begin PBXFileSystemSynchronizedRootGroup section */
		153CAFC92E07AC0C0017C066 /* AndyGame */ = {
			isa = PBXFileSystemSynchronizedRootGroup;
			path = AndyGame;
			sourceTree = "<group>";
		};
		153CAFDF2E07AC0D0017C066 /* AndyGameTests */ = {
			isa = PBXFileSystemSynchronizedRootGroup;
			path = AndyGameTests;
			sourceTree = "<group>";
		};
		153CAFE92E07AC0D0017C066 /* AndyGameUITests */ = {
			isa = PBXFileSystemSynchronizedRootGroup;
			path = AndyGameUITests;
			sourceTree = "<group>";
		};
/* End PBXFileSystemSynchronizedRootGroup section */

/* Begin PBXFrameworksBuildPhase section */
		153CAFC42E07AC0C0017C066 /* Frameworks */ = {
			isa = PBXFrameworksBuildPhase;
			buildActionMask = 2147483647;
			files = (
				15412CD82E0BC5460019444B /* GLTFSceneKit in Frameworks */,
			);
			runOnlyForDeploymentPostprocessing = 0;
		};
		153CAFD92E07AC0D0017C066 /* Frameworks */ = {
			isa = PBXFrameworksBuildPhase;
			buildActionMask = 2147483647;
			files = (
			);
			runOnlyForDeploymentPostprocessing = 0;
		};
		153CAFE32E07AC0D0017C066 /* Frameworks */ = {
			isa = PBXFrameworksBuildPhase;
			buildActionMask = 2147483647;
			files = (
			);
			runOnlyForDeploymentPostprocessing = 0;
		};
/* End PBXFrameworksBuildPhase section */

/* Begin PBXGroup section */
		153CAFBE2E07AC0C0017C066 = {
			isa = PBXGroup;
			children = (
				153CAFC92E07AC0C0017C066 /* AndyGame */,
				153CAFDF2E07AC0D0017C066 /* AndyGameTests */,
				153CAFE92E07AC0D0017C066 /* AndyGameUITests */,
				153CAFC82E07AC0C0017C066 /* Products */,
			);
			sourceTree = "<group>";
		};
		153CAFC82E07AC0C0017C066 /* Products */ = {
			isa = PBXGroup;
			children = (
				153CAFC72E07AC0C0017C066 /* AndyGame.app */,
				153CAFDC2E07AC0D0017C066 /* AndyGameTests.xctest */,
				153CAFE62E07AC0D0017C066 /* AndyGameUITests.xctest */,
			);
			name = Products;
			sourceTree = "<group>";
		};
/* End PBXGroup section */

/* Begin PBXNativeTarget section */
		153CAFC62E07AC0C0017C066 /* AndyGame */ = {
			isa = PBXNativeTarget;
			buildConfigurationList = 153CAFF02E07AC0D0017C066 /* Build configuration list for PBXNativeTarget "AndyGame" */;
			buildPhases = (
				153CAFC32E07AC0C0017C066 /* Sources */,
				153CAFC42E07AC0C0017C066 /* Frameworks */,
				153CAFC52E07AC0C0017C066 /* Resources */,
			);
			buildRules = (
			);
			dependencies = (
			);
			fileSystemSynchronizedGroups = (
				153CAFC92E07AC0C0017C066 /* AndyGame */,
			);
			name = AndyGame;
			packageProductDependencies = (
				15412CD72E0BC5460019444B /* GLTFSceneKit */,
			);
			productName = AndyGame;
			productReference = 153CAFC72E07AC0C0017C066 /* AndyGame.app */;
			productType = "com.apple.product-type.application";
		};
		153CAFDB2E07AC0D0017C066 /* AndyGameTests */ = {
			isa = PBXNativeTarget;
			buildConfigurationList = 153CAFF32E07AC0D0017C066 /* Build configuration list for PBXNativeTarget "AndyGameTests" */;
			buildPhases = (
				153CAFD82E07AC0D0017C066 /* Sources */,
				153CAFD92E07AC0D0017C066 /* Frameworks */,
				153CAFDA2E07AC0D0017C066 /* Resources */,
			);
			buildRules = (
			);
			dependencies = (
				153CAFDE2E07AC0D0017C066 /* PBXTargetDependency */,
			);
			fileSystemSynchronizedGroups = (
				153CAFDF2E07AC0D0017C066 /* AndyGameTests */,
			);
			name = AndyGameTests;
			packageProductDependencies = (
			);
			productName = AndyGameTests;
			productReference = 153CAFDC2E07AC0D0017C066 /* AndyGameTests.xctest */;
			productType = "com.apple.product-type.bundle.unit-test";
		};
		153CAFE52E07AC0D0017C066 /* AndyGameUITests */ = {
			isa = PBXNativeTarget;
			buildConfigurationList = 153CAFF62E07AC0D0017C066 /* Build configuration list for PBXNativeTarget "AndyGameUITests" */;
			buildPhases = (
				153CAFE22E07AC0D0017C066 /* Sources */,
				153CAFE32E07AC0D0017C066 /* Frameworks */,
				153CAFE42E07AC0D0017C066 /* Resources */,
			);
			buildRules = (
			);
			dependencies = (
				153CAFE82E07AC0D0017C066 /* PBXTargetDependency */,
			);
			fileSystemSynchronizedGroups = (
				153CAFE92E07AC0D0017C066 /* AndyGameUITests */,
			);
			name = AndyGameUITests;
			packageProductDependencies = (
			);
			productName = AndyGameUITests;
			productReference = 153CAFE62E07AC0D0017C066 /* AndyGameUITests.xctest */;
			productType = "com.apple.product-type.bundle.ui-testing";
		};
/* End PBXNativeTarget section */

/* Begin PBXProject section */
		153CAFBF2E07AC0C0017C066 /* Project object */ = {
			isa = PBXProject;
			attributes = {
				BuildIndependentTargetsInParallel = 1;
				LastSwiftUpdateCheck = 1640;
				LastUpgradeCheck = 1640;
				TargetAttributes = {
					153CAFC62E07AC0C0017C066 = {
						CreatedOnToolsVersion = 16.4;
					};
					153CAFDB2E07AC0D0017C066 = {
						CreatedOnToolsVersion = 16.4;
						TestTargetID = 153CAFC62E07AC0C0017C066;
					};
					153CAFE52E07AC0D0017C066 = {
						CreatedOnToolsVersion = 16.4;
						TestTargetID = 153CAFC62E07AC0C0017C066;
					};
				};
			};
			buildConfigurationList = 153CAFC22E07AC0C0017C066 /* Build configuration list for PBXProject "AndyGame" */;
			developmentRegion = en;
			hasScannedForEncodings = 0;
			knownRegions = (
				en,
				Base,
			);
			mainGroup = 153CAFBE2E07AC0C0017C066;
			minimizedProjectReferenceProxies = 1;
			packageReferences = (
				15412CD62E0BC5460019444B /* XCRemoteSwiftPackageReference "GLTFSceneKit" */,
			);
			preferredProjectObjectVersion = 77;
			productRefGroup = 153CAFC82E07AC0C0017C066 /* Products */;
			projectDirPath = "";
			projectRoot = "";
			targets = (
				153CAFC62E07AC0C0017C066 /* AndyGame */,
				153CAFDB2E07AC0D0017C066 /* AndyGameTests */,
				153CAFE52E07AC0D0017C066 /* AndyGameUITests */,
			);
		};
/* End PBXProject section */

/* Begin PBXResourcesBuildPhase section */
		153CAFC52E07AC0C0017C066 /* Resources */ = {
			isa = PBXResourcesBuildPhase;
			buildActionMask = 2147483647;
			files = (
			);
			runOnlyForDeploymentPostprocessing = 0;
		};
		153CAFDA2E07AC0D0017C066 /* Resources */ = {
			isa = PBXResourcesBuildPhase;
			buildActionMask = 2147483647;
			files = (
			);
			runOnlyForDeploymentPostprocessing = 0;
		};
		153CAFE42E07AC0D0017C066 /* Resources */ = {
			isa = PBXResourcesBuildPhase;
			buildActionMask = 2147483647;
			files = (
			);
			runOnlyForDeploymentPostprocessing = 0;
		};
/* End PBXResourcesBuildPhase section */

/* Begin PBXSourcesBuildPhase section */
		153CAFC32E07AC0C0017C066 /* Sources */ = {
			isa = PBXSourcesBuildPhase;
			buildActionMask = 2147483647;
			files = (
			);
			runOnlyForDeploymentPostprocessing = 0;
		};
		153CAFD82E07AC0D0017C066 /* Sources */ = {
			isa = PBXSourcesBuildPhase;
			buildActionMask = 2147483647;
			files = (
			);
			runOnlyForDeploymentPostprocessing = 0;
		};
		153CAFE22E07AC0D0017C066 /* Sources */ = {
			isa = PBXSourcesBuildPhase;
			buildActionMask = 2147483647;
			files = (
			);
			runOnlyForDeploymentPostprocessing = 0;
		};
/* End PBXSourcesBuildPhase section */

/* Begin PBXTargetDependency section */
		153CAFDE2E07AC0D0017C066 /* PBXTargetDependency */ = {
			isa = PBXTargetDependency;
			target = 153CAFC62E07AC0C0017C066 /* AndyGame */;
			targetProxy = 153CAFDD2E07AC0D0017C066 /* PBXContainerItemProxy */;
		};
		153CAFE82E07AC0D0017C066 /* PBXTargetDependency */ = {
			isa = PBXTargetDependency;
			target = 153CAFC62E07AC0C0017C066 /* AndyGame */;
			targetProxy = 153CAFE72E07AC0D0017C066 /* PBXContainerItemProxy */;
		};
/* End PBXTargetDependency section */

/* Begin XCBuildConfiguration section */
		153CAFEE2E07AC0D0017C066 /* Debug */ = {
			isa = XCBuildConfiguration;
			buildSettings = {
				ALWAYS_SEARCH_USER_PATHS = NO;
				ASSETCATALOG_COMPILER_GENERATE_SWIFT_ASSET_SYMBOL_EXTENSIONS = YES;
				CLANG_ANALYZER_NONNULL = YES;
				CLANG_ANALYZER_NUMBER_OBJECT_CONVERSION = YES_AGGRESSIVE;
				CLANG_CXX_LANGUAGE_STANDARD = "gnu++20";
				CLANG_ENABLE_MODULES = YES;
				CLANG_ENABLE_OBJC_ARC = YES;
				CLANG_ENABLE_OBJC_WEAK = YES;
				CLANG_WARN_BLOCK_CAPTURE_AUTORELEASING = YES;
				CLANG_WARN_BOOL_CONVERSION = YES;
				CLANG_WARN_COMMA = YES;
				CLANG_WARN_CONSTANT_CONVERSION = YES;
				CLANG_WARN_DEPRECATED_OBJC_IMPLEMENTATIONS = YES;
				CLANG_WARN_DIRECT_OBJC_ISA_USAGE = YES_ERROR;
				CLANG_WARN_DOCUMENTATION_COMMENTS = YES;
				CLANG_WARN_EMPTY_BODY = YES;
				CLANG_WARN_ENUM_CONVERSION = YES;
				CLANG_WARN_INFINITE_RECURSION = YES;
				CLANG_WARN_INT_CONVERSION = YES;
				CLANG_WARN_NON_LITERAL_NULL_CONVERSION = YES;
				CLANG_WARN_OBJC_IMPLICIT_RETAIN_SELF = YES;
				CLANG_WARN_OBJC_LITERAL_CONVERSION = YES;
				CLANG_WARN_OBJC_ROOT_CLASS = YES_ERROR;
				CLANG_WARN_QUOTED_INCLUDE_IN_FRAMEWORK_HEADER = YES;
				CLANG_WARN_RANGE_LOOP_ANALYSIS = YES;
				CLANG_WARN_STRICT_PROTOTYPES = YES;
				CLANG_WARN_SUSPICIOUS_MOVE = YES;
				CLANG_WARN_UNGUARDED_AVAILABILITY = YES_AGGRESSIVE;
				CLANG_WARN_UNREACHABLE_CODE = YES;
				CLANG_WARN__DUPLICATE_METHOD_MATCH = YES;
				COPY_PHASE_STRIP = NO;
				DEBUG_INFORMATION_FORMAT = dwarf;
				ENABLE_STRICT_OBJC_MSGSEND = YES;
				ENABLE_TESTABILITY = YES;
				ENABLE_USER_SCRIPT_SANDBOXING = YES;
				GCC_C_LANGUAGE_STANDARD = gnu17;
				GCC_DYNAMIC_NO_PIC = NO;
				GCC_NO_COMMON_BLOCKS = YES;
				GCC_OPTIMIZATION_LEVEL = 0;
				GCC_PREPROCESSOR_DEFINITIONS = (
					"DEBUG=1",
					"$(inherited)",
				);
				GCC_WARN_64_TO_32_BIT_CONVERSION = YES;
				GCC_WARN_ABOUT_RETURN_TYPE = YES_ERROR;
				GCC_WARN_UNDECLARED_SELECTOR = YES;
				GCC_WARN_UNINITIALIZED_AUTOS = YES_AGGRESSIVE;
				GCC_WARN_UNUSED_FUNCTION = YES;
				GCC_WARN_UNUSED_VARIABLE = YES;
				IPHONEOS_DEPLOYMENT_TARGET = 18.5;
				LOCALIZATION_PREFERS_STRING_CATALOGS = YES;
				MTL_ENABLE_DEBUG_INFO = INCLUDE_SOURCE;
				MTL_FAST_MATH = YES;
				ONLY_ACTIVE_ARCH = YES;
				SDKROOT = iphoneos;
				SWIFT_ACTIVE_COMPILATION_CONDITIONS = "DEBUG $(inherited)";
				SWIFT_OPTIMIZATION_LEVEL = "-Onone";
			};
			name = Debug;
		};
		153CAFEF2E07AC0D0017C066 /* Release */ = {
			isa = XCBuildConfiguration;
			buildSettings = {
				ALWAYS_SEARCH_USER_PATHS = NO;
				ASSETCATALOG_COMPILER_GENERATE_SWIFT_ASSET_SYMBOL_EXTENSIONS = YES;
				CLANG_ANALYZER_NONNULL = YES;
				CLANG_ANALYZER_NUMBER_OBJECT_CONVERSION = YES_AGGRESSIVE;
				CLANG_CXX_LANGUAGE_STANDARD = "gnu++20";
				CLANG_ENABLE_MODULES = YES;
				CLANG_ENABLE_OBJC_ARC = YES;
				CLANG_ENABLE_OBJC_WEAK = YES;
				CLANG_WARN_BLOCK_CAPTURE_AUTORELEASING = YES;
				CLANG_WARN_BOOL_CONVERSION = YES;
				CLANG_WARN_COMMA = YES;
				CLANG_WARN_CONSTANT_CONVERSION = YES;
				CLANG_WARN_DEPRECATED_OBJC_IMPLEMENTATIONS = YES;
				CLANG_WARN_DIRECT_OBJC_ISA_USAGE = YES_ERROR;
				CLANG_WARN_DOCUMENTATION_COMMENTS = YES;
				CLANG_WARN_EMPTY_BODY = YES;
				CLANG_WARN_ENUM_CONVERSION = YES;
				CLANG_WARN_INFINITE_RECURSION = YES;
				CLANG_WARN_INT_CONVERSION = YES;
				CLANG_WARN_NON_LITERAL_NULL_CONVERSION = YES;
				CLANG_WARN_OBJC_IMPLICIT_RETAIN_SELF = YES;
				CLANG_WARN_OBJC_LITERAL_CONVERSION = YES;
				CLANG_WARN_OBJC_ROOT_CLASS = YES_ERROR;
				CLANG_WARN_QUOTED_INCLUDE_IN_FRAMEWORK_HEADER = YES;
				CLANG_WARN_RANGE_LOOP_ANALYSIS = YES;
				CLANG_WARN_STRICT_PROTOTYPES = YES;
				CLANG_WARN_SUSPICIOUS_MOVE = YES;
				CLANG_WARN_UNGUARDED_AVAILABILITY = YES_AGGRESSIVE;
				CLANG_WARN_UNREACHABLE_CODE = YES;
				CLANG_WARN__DUPLICATE_METHOD_MATCH = YES;
				COPY_PHASE_STRIP = NO;
				DEBUG_INFORMATION_FORMAT = "dwarf-with-dsym";
				ENABLE_NS_ASSERTIONS = NO;
				ENABLE_STRICT_OBJC_MSGSEND = YES;
				ENABLE_USER_SCRIPT_SANDBOXING = YES;
				GCC_C_LANGUAGE_STANDARD = gnu17;
				GCC_NO_COMMON_BLOCKS = YES;
				GCC_WARN_64_TO_32_BIT_CONVERSION = YES;
				GCC_WARN_ABOUT_RETURN_TYPE = YES_ERROR;
				GCC_WARN_UNDECLARED_SELECTOR = YES;
				GCC_WARN_UNINITIALIZED_AUTOS = YES_AGGRESSIVE;
				GCC_WARN_UNUSED_FUNCTION = YES;
				GCC_WARN_UNUSED_VARIABLE = YES;
				IPHONEOS_DEPLOYMENT_TARGET = 18.5;
				LOCALIZATION_PREFERS_STRING_CATALOGS = YES;
				MTL_ENABLE_DEBUG_INFO = NO;
				MTL_FAST_MATH = YES;
				SDKROOT = iphoneos;
				SWIFT_COMPILATION_MODE = wholemodule;
				VALIDATE_PRODUCT = YES;
			};
			name = Release;
		};
		153CAFF12E07AC0D0017C066 /* Debug */ = {
			isa = XCBuildConfiguration;
			buildSettings = {
				ASSETCATALOG_COMPILER_APPICON_NAME = AppIcon;
				ASSETCATALOG_COMPILER_GLOBAL_ACCENT_COLOR_NAME = AccentColor;
				CODE_SIGN_STYLE = Automatic;
				CURRENT_PROJECT_VERSION = 1;
				GENERATE_INFOPLIST_FILE = YES;
				INFOPLIST_KEY_UIApplicationSupportsIndirectInputEvents = YES;
				INFOPLIST_KEY_UILaunchStoryboardName = LaunchScreen;
				INFOPLIST_KEY_UIMainStoryboardFile = Main;
				INFOPLIST_KEY_UIStatusBarHidden = YES;
				INFOPLIST_KEY_UISupportedInterfaceOrientations_iPad = "UIInterfaceOrientationPortrait UIInterfaceOrientationPortraitUpsideDown UIInterfaceOrientationLandscapeLeft UIInterfaceOrientationLandscapeRight";
				INFOPLIST_KEY_UISupportedInterfaceOrientations_iPhone = "UIInterfaceOrientationPortrait UIInterfaceOrientationLandscapeLeft UIInterfaceOrientationLandscapeRight";
				LD_RUNPATH_SEARCH_PATHS = (
					"$(inherited)",
					"@executable_path/Frameworks",
				);
				MARKETING_VERSION = 1.0;
				PRODUCT_BUNDLE_IDENTIFIER = "Andy-Ray.AndyGame";
				PRODUCT_NAME = "$(TARGET_NAME)";
				SWIFT_EMIT_LOC_STRINGS = YES;
				SWIFT_VERSION = 5.0;
				TARGETED_DEVICE_FAMILY = "1,2";
			};
			name = Debug;
		};
		153CAFF22E07AC0D0017C066 /* Release */ = {
			isa = XCBuildConfiguration;
			buildSettings = {
				ASSETCATALOG_COMPILER_APPICON_NAME = AppIcon;
				ASSETCATALOG_COMPILER_GLOBAL_ACCENT_COLOR_NAME = AccentColor;
				CODE_SIGN_STYLE = Automatic;
				CURRENT_PROJECT_VERSION = 1;
				GENERATE_INFOPLIST_FILE = YES;
				INFOPLIST_KEY_UIApplicationSupportsIndirectInputEvents = YES;
				INFOPLIST_KEY_UILaunchStoryboardName = LaunchScreen;
				INFOPLIST_KEY_UIMainStoryboardFile = Main;
				INFOPLIST_KEY_UIStatusBarHidden = YES;
				INFOPLIST_KEY_UISupportedInterfaceOrientations_iPad = "UIInterfaceOrientationPortrait UIInterfaceOrientationPortraitUpsideDown UIInterfaceOrientationLandscapeLeft UIInterfaceOrientationLandscapeRight";
				INFOPLIST_KEY_UISupportedInterfaceOrientations_iPhone = "UIInterfaceOrientationPortrait UIInterfaceOrientationLandscapeLeft UIInterfaceOrientationLandscapeRight";
				LD_RUNPATH_SEARCH_PATHS = (
					"$(inherited)",
					"@executable_path/Frameworks",
				);
				MARKETING_VERSION = 1.0;
				PRODUCT_BUNDLE_IDENTIFIER = "Andy-Ray.AndyGame";
				PRODUCT_NAME = "$(TARGET_NAME)";
				SWIFT_EMIT_LOC_STRINGS = YES;
				SWIFT_VERSION = 5.0;
				TARGETED_DEVICE_FAMILY = "1,2";
			};
			name = Release;
		};
		153CAFF42E07AC0D0017C066 /* Debug */ = {
			isa = XCBuildConfiguration;
			buildSettings = {
				BUNDLE_LOADER = "$(TEST_HOST)";
				CODE_SIGN_STYLE = Automatic;
				CURRENT_PROJECT_VERSION = 1;
				GENERATE_INFOPLIST_FILE = YES;
				IPHONEOS_DEPLOYMENT_TARGET = 18.5;
				MARKETING_VERSION = 1.0;
				PRODUCT_BUNDLE_IDENTIFIER = "Andy-Ray.AndyGameTests";
				PRODUCT_NAME = "$(TARGET_NAME)";
				SWIFT_EMIT_LOC_STRINGS = NO;
				SWIFT_VERSION = 5.0;
				TARGETED_DEVICE_FAMILY = "1,2";
				TEST_HOST = "$(BUILT_PRODUCTS_DIR)/AndyGame.app/$(BUNDLE_EXECUTABLE_FOLDER_PATH)/AndyGame";
			};
			name = Debug;
		};
		153CAFF52E07AC0D0017C066 /* Release */ = {
			isa = XCBuildConfiguration;
			buildSettings = {
				BUNDLE_LOADER = "$(TEST_HOST)";
				CODE_SIGN_STYLE = Automatic;
				CURRENT_PROJECT_VERSION = 1;
				GENERATE_INFOPLIST_FILE = YES;
				IPHONEOS_DEPLOYMENT_TARGET = 18.5;
				MARKETING_VERSION = 1.0;
				PRODUCT_BUNDLE_IDENTIFIER = "Andy-Ray.AndyGameTests";
				PRODUCT_NAME = "$(TARGET_NAME)";
				SWIFT_EMIT_LOC_STRINGS = NO;
				SWIFT_VERSION = 5.0;
				TARGETED_DEVICE_FAMILY = "1,2";
				TEST_HOST = "$(BUILT_PRODUCTS_DIR)/AndyGame.app/$(BUNDLE_EXECUTABLE_FOLDER_PATH)/AndyGame";
			};
			name = Release;
		};
		153CAFF72E07AC0D0017C066 /* Debug */ = {
			isa = XCBuildConfiguration;
			buildSettings = {
				CODE_SIGN_STYLE = Automatic;
				CURRENT_PROJECT_VERSION = 1;
				GENERATE_INFOPLIST_FILE = YES;
				MARKETING_VERSION = 1.0;
				PRODUCT_BUNDLE_IDENTIFIER = "Andy-Ray.AndyGameUITests";
				PRODUCT_NAME = "$(TARGET_NAME)";
				SWIFT_EMIT_LOC_STRINGS = NO;
				SWIFT_VERSION = 5.0;
				TARGETED_DEVICE_FAMILY = "1,2";
				TEST_TARGET_NAME = AndyGame;
			};
			name = Debug;
		};
		153CAFF82E07AC0D0017C066 /* Release */ = {
			isa = XCBuildConfiguration;
			buildSettings = {
				CODE_SIGN_STYLE = Automatic;
				CURRENT_PROJECT_VERSION = 1;
				GENERATE_INFOPLIST_FILE = YES;
				MARKETING_VERSION = 1.0;
				PRODUCT_BUNDLE_IDENTIFIER = "Andy-Ray.AndyGameUITests";
				PRODUCT_NAME = "$(TARGET_NAME)";
				SWIFT_EMIT_LOC_STRINGS = NO;
				SWIFT_VERSION = 5.0;
				TARGETED_DEVICE_FAMILY = "1,2";
				TEST_TARGET_NAME = AndyGame;
			};
			name = Release;
		};
/* End XCBuildConfiguration section */

/* Begin XCConfigurationList section */
		153CAFC22E07AC0C0017C066 /* Build configuration list for PBXProject "AndyGame" */ = {
			isa = XCConfigurationList;
			buildConfigurations = (
				153CAFEE2E07AC0D0017C066 /* Debug */,
				153CAFEF2E07AC0D0017C066 /* Release */,
			);
			defaultConfigurationIsVisible = 0;
			defaultConfigurationName = Release;
		};
		153CAFF02E07AC0D0017C066 /* Build configuration list for PBXNativeTarget "AndyGame" */ = {
			isa = XCConfigurationList;
			buildConfigurations = (
				153CAFF12E07AC0D0017C066 /* Debug */,
				153CAFF22E07AC0D0017C066 /* Release */,
			);
			defaultConfigurationIsVisible = 0;
			defaultConfigurationName = Release;
		};
		153CAFF32E07AC0D0017C066 /* Build configuration list for PBXNativeTarget "AndyGameTests" */ = {
			isa = XCConfigurationList;
			buildConfigurations = (
				153CAFF42E07AC0D0017C066 /* Debug */,
				153CAFF52E07AC0D0017C066 /* Release */,
			);
			defaultConfigurationIsVisible = 0;
			defaultConfigurationName = Release;
		};
		153CAFF62E07AC0D0017C066 /* Build configuration list for PBXNativeTarget "AndyGameUITests" */ = {
			isa = XCConfigurationList;
			buildConfigurations = (
				153CAFF72E07AC0D0017C066 /* Debug */,
				153CAFF82E07AC0D0017C066 /* Release */,
			);
			defaultConfigurationIsVisible = 0;
			defaultConfigurationName = Release;
		};
/* End XCConfigurationList section */

/* Begin XCRemoteSwiftPackageReference section */
		15412CD62E0BC5460019444B /* XCRemoteSwiftPackageReference "GLTFSceneKit" */ = {
			isa = XCRemoteSwiftPackageReference;
			repositoryURL = "https://github.com/magicien/GLTFSceneKit";
			requirement = {
				kind = upToNextMajorVersion;
				minimumVersion = 0.4.1;
			};
		};
/* End XCRemoteSwiftPackageReference section */

/* Begin XCSwiftPackageProductDependency section */
		15412CD72E0BC5460019444B /* GLTFSceneKit */ = {
			isa = XCSwiftPackageProductDependency;
			package = 15412CD62E0BC5460019444B /* XCRemoteSwiftPackageReference "GLTFSceneKit" */;
			productName = GLTFSceneKit;
		};
/* End XCSwiftPackageProductDependency section */
	};
	rootObject = 153CAFBF2E07AC0C0017C066 /* Project object */;
}
